
Microsoft Visual Studio Solution File, Format Version 12.00
# Visual Studio Version 16
VisualStudioVersion = 16.0.30114.105
MinimumVisualStudioVersion = 10.0.40219.1
Project("{FAE04EC0-301F-11D3-BF4B-00C04F79EFBC}") = "LocaliseText.Android", "LocaliseText\LocaliseText.Android\LocaliseText.Android.csproj", "{0DC582D4-7320-4E90-AD51-BBA2252DA711}"
EndProject
Project("{FAE04EC0-301F-11D3-BF4B-00C04F79EFBC}") = "LocaliseText.iOS", "LocaliseText\LocaliseText.iOS\LocaliseText.iOS.csproj", "{05F1B93E-A893-4FB9-9FBE-01BF75530077}"
EndProject
Project("{FAE04EC0-301F-11D3-BF4B-00C04F79EFBC}") = "LocaliseText", "LocaliseText\LocaliseText\LocaliseText.csproj", "{694B4065-B72A-4176-85BF-0D758332ECBA}"
EndProject
Project("{FAE04EC0-301F-11D3-BF4B-00C04F79EFBC}") = "mvvm", "mvvm\mvvm.csproj", "{709993B8-05B8-4604-B36D-4DADCA9CFD2B}"
EndProject
Global
	GlobalSection(SolutionConfigurationPlatforms) = preSolution
		Debug|Any CPU = Debug|Any CPU
		Debug|ARM = Debug|ARM
		Debug|iPhone = Debug|iPhone
		Debug|iPhoneSimulator = Debug|iPhoneSimulator
		Debug|x64 = Debug|x64
		Debug|x86 = Debug|x86
		Release|Any CPU = Release|Any CPU
		Release|ARM = Release|ARM
		Release|iPhone = Release|iPhone
		Release|iPhoneSimulator = Release|iPhoneSimulator
		Release|x64 = Release|x64
		Release|x86 = Release|x86
	EndGlobalSection
	GlobalSection(ProjectConfigurationPlatforms) = postSolution
		{0DC582D4-7320-4E90-AD51-BBA2252DA711}.Debug|Any CPU.ActiveCfg = Debug|Any CPU
		{0DC582D4-7320-4E90-AD51-BBA2252DA711}.Debug|Any CPU.Build.0 = Debug|Any CPU
		{0DC582D4-7320-4E90-AD51-BBA2252DA711}.Debug|Any CPU.Deploy.0 = Debug|Any CPU
		{0DC582D4-7320-4E90-AD51-BBA2252DA711}.Debug|ARM.ActiveCfg = Debug|Any CPU
		{0DC582D4-7320-4E90-AD51-BBA2252DA711}.Debug|ARM.Build.0 = Debug|Any CPU
		{0DC582D4-7320-4E90-AD51-BBA2252DA711}.Debug|ARM.Deploy.0 = Debug|Any CPU
		{0DC582D4-7320-4E90-AD51-BBA2252DA711}.Debug|iPhone.ActiveCfg = Debug|Any CPU
		{0DC582D4-7320-4E90-AD51-BBA2252DA711}.Debug|iPhone.Build.0 = Debug|Any CPU
		{0DC582D4-7320-4E90-AD51-BBA2252DA711}.Debug|iPhone.Deploy.0 = Debug|Any CPU
		{0DC582D4-7320-4E90-AD51-BBA2252DA711}.Debug|iPhoneSimulator.ActiveCfg = Debug|Any CPU
		{0DC582D4-7320-4E90-AD51-BBA2252DA711}.Debug|iPhoneSimulator.Build.0 = Debug|Any CPU
		{0DC582D4-7320-4E90-AD51-BBA2252DA711}.Debug|iPhoneSimulator.Deploy.0 = Debug|Any CPU
		{0DC582D4-7320-4E90-AD51-BBA2252DA711}.Debug|x64.ActiveCfg = Debug|Any CPU
		{0DC582D4-7320-4E90-AD51-BBA2252DA711}.Debug|x64.Build.0 = Debug|Any CPU
		{0DC582D4-7320-4E90-AD51-BBA2252DA711}.Debug|x64.Deploy.0 = Debug|Any CPU
		{0DC582D4-7320-4E90-AD51-BBA2252DA711}.Debug|x86.ActiveCfg = Debug|Any CPU
		{0DC582D4-7320-4E90-AD51-BBA2252DA711}.Debug|x86.Build.0 = Debug|Any CPU
		{0DC582D4-7320-4E90-AD51-BBA2252DA711}.Debug|x86.Deploy.0 = Debug|Any CPU
		{0DC582D4-7320-4E90-AD51-BBA2252DA711}.Release|Any CPU.ActiveCfg = Release|Any CPU
		{0DC582D4-7320-4E90-AD51-BBA2252DA711}.Release|Any CPU.Build.0 = Release|Any CPU
		{0DC582D4-7320-4E90-AD51-BBA2252DA711}.Release|Any CPU.Deploy.0 = Release|Any CPU
		{0DC582D4-7320-4E90-AD51-BBA2252DA711}.Release|ARM.ActiveCfg = Release|Any CPU
		{0DC582D4-7320-4E90-AD51-BBA2252DA711}.Release|ARM.Build.0 = Release|Any CPU
		{0DC582D4-7320-4E90-AD51-BBA2252DA711}.Release|ARM.Deploy.0 = Release|Any CPU
		{0DC582D4-7320-4E90-AD51-BBA2252DA711}.Release|iPhone.ActiveCfg = Release|Any CPU
		{0DC582D4-7320-4E90-AD51-BBA2252DA711}.Release|iPhone.Build.0 = Release|Any CPU
		{0DC582D4-7320-4E90-AD51-BBA2252DA711}.Release|iPhone.Deploy.0 = Release|Any CPU
		{0DC582D4-7320-4E90-AD51-BBA2252DA711}.Release|iPhoneSimulator.ActiveCfg = Release|Any CPU
		{0DC582D4-7320-4E90-AD51-BBA2252DA711}.Release|iPhoneSimulator.Build.0 = Release|Any CPU
		{0DC582D4-7320-4E90-AD51-BBA2252DA711}.Release|iPhoneSimulator.Deploy.0 = Release|Any CPU
		{0DC582D4-7320-4E90-AD51-BBA2252DA711}.Release|x64.ActiveCfg = Release|Any CPU
		{0DC582D4-7320-4E90-AD51-BBA2252DA711}.Release|x64.Build.0 = Release|Any CPU
		{0DC582D4-7320-4E90-AD51-BBA2252DA711}.Release|x64.Deploy.0 = Release|Any CPU
		{0DC582D4-7320-4E90-AD51-BBA2252DA711}.Release|x86.ActiveCfg = Release|Any CPU
		{0DC582D4-7320-4E90-AD51-BBA2252DA711}.Release|x86.Build.0 = Release|Any CPU
		{0DC582D4-7320-4E90-AD51-BBA2252DA711}.Release|x86.Deploy.0 = Release|Any CPU
		{05F1B93E-A893-4FB9-9FBE-01BF75530077}.Debug|Any CPU.ActiveCfg = Debug|iPhone
		{05F1B93E-A893-4FB9-9FBE-01BF75530077}.Debug|Any CPU.Build.0 = Debug|iPhone
		{05F1B93E-A893-4FB9-9FBE-01BF75530077}.Debug|Any CPU.Deploy.0 = Debug|iPhone
		{05F1B93E-A893-4FB9-9FBE-01BF75530077}.Debug|ARM.ActiveCfg = Debug|iPhone
		{05F1B93E-A893-4FB9-9FBE-01BF75530077}.Debug|ARM.Build.0 = Debug|iPhone
		{05F1B93E-A893-4FB9-9FBE-01BF75530077}.Debug|ARM.Deploy.0 = Debug|iPhone
		{05F1B93E-A893-4FB9-9FBE-01BF75530077}.Debug|iPhone.ActiveCfg = Debug|iPhone
		{05F1B93E-A893-4FB9-9FBE-01BF75530077}.Debug|iPhone.Build.0 = Debug|iPhone
		{05F1B93E-A893-4FB9-9FBE-01BF75530077}.Debug|iPhone.Deploy.0 = Debug|iPhone
		{05F1B93E-A893-4FB9-9FBE-01BF75530077}.Debug|iPhoneSimulator.ActiveCfg = Debug|iPhoneSimulator
		{05F1B93E-A893-4FB9-9FBE-01BF75530077}.Debug|iPhoneSimulator.Build.0 = Debug|iPhoneSimulator
		{05F1B93E-A893-4FB9-9FBE-01BF75530077}.Debug|iPhoneSimulator.Deploy.0 = Debug|iPhoneSimulator
		{05F1B93E-A893-4FB9-9FBE-01BF75530077}.Debug|x64.ActiveCfg = Debug|iPhone
		{05F1B93E-A893-4FB9-9FBE-01BF75530077}.Debug|x64.Build.0 = Debug|iPhone
		{05F1B93E-A893-4FB9-9FBE-01BF75530077}.Debug|x64.Deploy.0 = Debug|iPhone
		{05F1B93E-A893-4FB9-9FBE-01BF75530077}.Debug|x86.ActiveCfg = Debug|iPhone
		{05F1B93E-A893-4FB9-9FBE-01BF75530077}.Debug|x86.Build.0 = Debug|iPhone
		{05F1B93E-A893-4FB9-9FBE-01BF75530077}.Debug|x86.Deploy.0 = Debug|iPhone
		{05F1B93E-A893-4FB9-9FBE-01BF75530077}.Release|Any CPU.ActiveCfg = Release|iPhone
		{05F1B93E-A893-4FB9-9FBE-01BF75530077}.Release|Any CPU.Build.0 = Release|iPhone
		{05F1B93E-A893-4FB9-9FBE-01BF75530077}.Release|Any CPU.Deploy.0 = Release|iPhone
		{05F1B93E-A893-4FB9-9FBE-01BF75530077}.Release|ARM.ActiveCfg = Release|iPhone
		{05F1B93E-A893-4FB9-9FBE-01BF75530077}.Release|ARM.Build.0 = Release|iPhone
		{05F1B93E-A893-4FB9-9FBE-01BF75530077}.Release|ARM.Deploy.0 = Release|iPhone
		{05F1B93E-A893-4FB9-9FBE-01BF75530077}.Release|iPhone.ActiveCfg = Release|iPhone
		{05F1B93E-A893-4FB9-9FBE-01BF75530077}.Release|iPhone.Build.0 = Release|iPhone
		{05F1B93E-A893-4FB9-9FBE-01BF75530077}.Release|iPhone.Deploy.0 = Release|iPhone
		{05F1B93E-A893-4FB9-9FBE-01BF75530077}.Release|iPhoneSimulator.ActiveCfg = Release|iPhoneSimulator
		{05F1B93E-A893-4FB9-9FBE-01BF75530077}.Release|iPhoneSimulator.Build.0 = Release|iPhoneSimulator
		{05F1B93E-A893-4FB9-9FBE-01BF75530077}.Release|iPhoneSimulator.Deploy.0 = Release|iPhoneSimulator
		{05F1B93E-A893-4FB9-9FBE-01BF75530077}.Release|x64.ActiveCfg = Release|iPhone
		{05F1B93E-A893-4FB9-9FBE-01BF75530077}.Release|x64.Build.0 = Release|iPhone
		{05F1B93E-A893-4FB9-9FBE-01BF75530077}.Release|x64.Deploy.0 = Release|iPhone
		{05F1B93E-A893-4FB9-9FBE-01BF75530077}.Release|x86.ActiveCfg = Release|iPhone
		{05F1B93E-A893-4FB9-9FBE-01BF75530077}.Release|x86.Build.0 = Release|iPhone
		{05F1B93E-A893-4FB9-9FBE-01BF75530077}.Release|x86.Deploy.0 = Release|iPhone
		{694B4065-B72A-4176-85BF-0D758332ECBA}.Debug|Any CPU.ActiveCfg = Debug|Any CPU
		{694B4065-B72A-4176-85BF-0D758332ECBA}.Debug|Any CPU.Build.0 = Debug|Any CPU
		{694B4065-B72A-4176-85BF-0D758332ECBA}.Debug|Any CPU.Deploy.0 = Debug|Any CPU
		{694B4065-B72A-4176-85BF-0D758332ECBA}.Debug|ARM.ActiveCfg = Debug|Any CPU
		{694B4065-B72A-4176-85BF-0D758332ECBA}.Debug|ARM.Build.0 = Debug|Any CPU
		{694B4065-B72A-4176-85BF-0D758332ECBA}.Debug|ARM.Deploy.0 = Debug|Any CPU
		{694B4065-B72A-4176-85BF-0D758332ECBA}.Debug|iPhone.ActiveCfg = Debug|Any CPU
		{694B4065-B72A-4176-85BF-0D758332ECBA}.Debug|iPhone.Build.0 = Debug|Any CPU
		{694B4065-B72A-4176-85BF-0D758332ECBA}.Debug|iPhone.Deploy.0 = Debug|Any CPU
		{694B4065-B72A-4176-85BF-0D758332ECBA}.Debug|iPhoneSimulator.ActiveCfg = Debug|Any CPU
		{694B4065-B72A-4176-85BF-0D758332ECBA}.Debug|iPhoneSimulator.Build.0 = Debug|Any CPU
		{694B4065-B72A-4176-85BF-0D758332ECBA}.Debug|iPhoneSimulator.Deploy.0 = Debug|Any CPU
		{694B4065-B72A-4176-85BF-0D758332ECBA}.Debug|x64.ActiveCfg = Debug|Any CPU
		{694B4065-B72A-4176-85BF-0D758332ECBA}.Debug|x64.Build.0 = Debug|Any CPU
		{694B4065-B72A-4176-85BF-0D758332ECBA}.Debug|x64.Deploy.0 = Debug|Any CPU
		{694B4065-B72A-4176-85BF-0D758332ECBA}.Debug|x86.ActiveCfg = Debug|Any CPU
		{694B4065-B72A-4176-85BF-0D758332ECBA}.Debug|x86.Build.0 = Debug|Any CPU
		{694B4065-B72A-4176-85BF-0D758332ECBA}.Debug|x86.Deploy.0 = Debug|Any CPU
		{694B4065-B72A-4176-85BF-0D758332ECBA}.Release|Any CPU.ActiveCfg = Release|Any CPU
		{694B4065-B72A-4176-85BF-0D758332ECBA}.Release|Any CPU.Build.0 = Release|Any CPU
		{694B4065-B72A-4176-85BF-0D758332ECBA}.Release|Any CPU.Deploy.0 = Release|Any CPU
		{694B4065-B72A-4176-85BF-0D758332ECBA}.Release|ARM.ActiveCfg = Release|Any CPU
		{694B4065-B72A-4176-85BF-0D758332ECBA}.Release|ARM.Build.0 = Release|Any CPU
		{694B4065-B72A-4176-85BF-0D758332ECBA}.Release|ARM.Deploy.0 = Release|Any CPU
		{694B4065-B72A-4176-85BF-0D758332ECBA}.Release|iPhone.ActiveCfg = Release|Any CPU
		{694B4065-B72A-4176-85BF-0D758332ECBA}.Release|iPhone.Build.0 = Release|Any CPU
		{694B4065-B72A-4176-85BF-0D758332ECBA}.Release|iPhone.Deploy.0 = Release|Any CPU
		{694B4065-B72A-4176-85BF-0D758332ECBA}.Release|iPhoneSimulator.ActiveCfg = Release|Any CPU
		{694B4065-B72A-4176-85BF-0D758332ECBA}.Release|iPhoneSimulator.Build.0 = Release|Any CPU
		{694B4065-B72A-4176-85BF-0D758332ECBA}.Release|iPhoneSimulator.Deploy.0 = Release|Any CPU
		{694B4065-B72A-4176-85BF-0D758332ECBA}.Release|x64.ActiveCfg = Release|Any CPU
		{694B4065-B72A-4176-85BF-0D758332ECBA}.Release|x64.Build.0 = Release|Any CPU
		{694B4065-B72A-4176-85BF-0D758332ECBA}.Release|x64.Deploy.0 = Release|Any CPU
		{694B4065-B72A-4176-85BF-0D758332ECBA}.Release|x86.ActiveCfg = Release|Any CPU
		{694B4065-B72A-4176-85BF-0D758332ECBA}.Release|x86.Build.0 = Release|Any CPU
		{694B4065-B72A-4176-85BF-0D758332ECBA}.Release|x86.Deploy.0 = Release|Any CPU
		{709993B8-05B8-4604-B36D-4DADCA9CFD2B}.Debug|Any CPU.ActiveCfg = Debug|Any CPU
		{709993B8-05B8-4604-B36D-4DADCA9CFD2B}.Debug|Any CPU.Build.0 = Debug|Any CPU
		{709993B8-05B8-4604-B36D-4DADCA9CFD2B}.Debug|ARM.ActiveCfg = Debug|Any CPU
		{709993B8-05B8-4604-B36D-4DADCA9CFD2B}.Debug|ARM.Build.0 = Debug|Any CPU
		{709993B8-05B8-4604-B36D-4DADCA9CFD2B}.Debug|iPhone.ActiveCfg = Debug|Any CPU
		{709993B8-05B8-4604-B36D-4DADCA9CFD2B}.Debug|iPhone.Build.0 = Debug|Any CPU
		{709993B8-05B8-4604-B36D-4DADCA9CFD2B}.Debug|iPhoneSimulator.ActiveCfg = Debug|Any CPU
		{709993B8-05B8-4604-B36D-4DADCA9CFD2B}.Debug|iPhoneSimulator.Build.0 = Debug|Any CPU
		{709993B8-05B8-4604-B36D-4DADCA9CFD2B}.Debug|x64.ActiveCfg = Debug|Any CPU
		{709993B8-05B8-4604-B36D-4DADCA9CFD2B}.Debug|x64.Build.0 = Debug|Any CPU
		{709993B8-05B8-4604-B36D-4DADCA9CFD2B}.Debug|x86.ActiveCfg = Debug|Any CPU
		{709993B8-05B8-4604-B36D-4DADCA9CFD2B}.Debug|x86.Build.0 = Debug|Any CPU
		{709993B8-05B8-4604-B36D-4DADCA9CFD2B}.Release|Any CPU.ActiveCfg = Release|Any CPU
		{709993B8-05B8-4604-B36D-4DADCA9CFD2B}.Release|Any CPU.Build.0 = Release|Any CPU
		{709993B8-05B8-4604-B36D-4DADCA9CFD2B}.Release|ARM.ActiveCfg = Release|Any CPU
		{709993B8-05B8-4604-B36D-4DADCA9CFD2B}.Release|ARM.Build.0 = Release|Any CPU
		{709993B8-05B8-4604-B36D-4DADCA9CFD2B}.Release|iPhone.ActiveCfg = Release|Any CPU
		{709993B8-05B8-4604-B36D-4DADCA9CFD2B}.Release|iPhone.Build.0 = Release|Any CPU
		{709993B8-05B8-4604-B36D-4DADCA9CFD2B}.Release|iPhoneSimulator.ActiveCfg = Release|Any CPU
		{709993B8-05B8-4604-B36D-4DADCA9CFD2B}.Release|iPhoneSimulator.Build.0 = Release|Any CPU
		{709993B8-05B8-4604-B36D-4DADCA9CFD2B}.Release|x64.ActiveCfg = Release|Any CPU
		{709993B8-05B8-4604-B36D-4DADCA9CFD2B}.Release|x64.Build.0 = Release|Any CPU
		{709993B8-05B8-4604-B36D-4DADCA9CFD2B}.Release|x86.ActiveCfg = Release|Any CPU
		{709993B8-05B8-4604-B36D-4DADCA9CFD2B}.Release|x86.Build.0 = Release|Any CPU
	EndGlobalSection
	GlobalSection(SolutionProperties) = preSolution
		HideSolutionNode = FALSE
	EndGlobalSection
	GlobalSection(ExtensibilityGlobals) = postSolution
		SolutionGuid = {4BFD70E7-0322-4A9C-B51D-0C06FACE7F45}
	EndGlobalSection
EndGlobal
